// !$*UTF8*$!
{
	archiveVersion = 1;
	classes = {
	};
	objectVersion = 46;
	objects = {

/* Begin PBXBuildFile section */
		61A21ECF1E28A5B300F628F8 /* AppDelegate.swift in Sources */ = {isa = PBXBuildFile; fileRef = 61A21ECE1E28A5B300F628F8 /* AppDelegate.swift */; };
		61A21ED11E28A5B300F628F8 /* ViewController.swift in Sources */ = {isa = PBXBuildFile; fileRef = 61A21ED01E28A5B300F628F8 /* ViewController.swift */; };
		61A21ED41E28A5B300F628F8 /* Main.storyboard in Resources */ = {isa = PBXBuildFile; fileRef = 61A21ED21E28A5B300F628F8 /* Main.storyboard */; };
		61A21ED61E28A5B300F628F8 /* Assets.xcassets in Resources */ = {isa = PBXBuildFile; fileRef = 61A21ED51E28A5B300F628F8 /* Assets.xcassets */; };
		61A21ED91E28A5B300F628F8 /* LaunchScreen.storyboard in Resources */ = {isa = PBXBuildFile; fileRef = 61A21ED71E28A5B300F628F8 /* LaunchScreen.storyboard */; };
		61A21EE21E28A5EA00F628F8 /* CollectionCell.swift in Sources */ = {isa = PBXBuildFile; fileRef = 61A21EE01E28A5EA00F628F8 /* CollectionCell.swift */; };
		61A21EE31E28A5EA00F628F8 /* CollectionCell.xib in Resources */ = {isa = PBXBuildFile; fileRef = 61A21EE11E28A5EA00F628F8 /* CollectionCell.xib */; };
		61A21EE61E28AA0400F628F8 /* BaseCollectionCell.swift in Sources */ = {isa = PBXBuildFile; fileRef = 61A21EE51E28AA0400F628F8 /* BaseCollectionCell.swift */; };
		61A21EE81E28AC3D00F628F8 /* LabelData.swift in Sources */ = {isa = PBXBuildFile; fileRef = 61A21EE71E28AC3D00F628F8 /* LabelData.swift */; };
/* End PBXBuildFile section */

/* Begin PBXFileReference section */
		61A21ECB1E28A5B300F628F8 /* SizesingCell.app */ = {isa = PBXFileReference; explicitFileType = wrapper.application; includeInIndex = 0; path = SizesingCell.app; sourceTree = BUILT_PRODUCTS_DIR; };
		61A21ECE1E28A5B300F628F8 /* AppDelegate.swift */ = {isa = PBXFileReference; lastKnownFileType = sourcecode.swift; path = AppDelegate.swift; sourceTree = "<group>"; };
		61A21ED01E28A5B300F628F8 /* ViewController.swift */ = {isa = PBXFileReference; lastKnownFileType = sourcecode.swift; path = ViewController.swift; sourceTree = "<group>"; };
		61A21ED31E28A5B300F628F8 /* Base */ = {isa = PBXFileReference; lastKnownFileType = file.storyboard; name = Base; path = Base.lproj/Main.storyboard; sourceTree = "<group>"; };
		61A21ED51E28A5B300F628F8 /* Assets.xcassets */ = {isa = PBXFileReference; lastKnownFileType = folder.assetcatalog; path = Assets.xcassets; sourceTree = "<group>"; };
		61A21ED81E28A5B300F628F8 /* Base */ = {isa = PBXFileReference; lastKnownFileType = file.storyboard; name = Base; path = Base.lproj/LaunchScreen.storyboard; sourceTree = "<group>"; };
		61A21EDA1E28A5B300F628F8 /* Info.plist */ = {isa = PBXFileReference; lastKnownFileType = text.plist.xml; path = Info.plist; sourceTree = "<group>"; };
		61A21EE01E28A5EA00F628F8 /* CollectionCell.swift */ = {isa = PBXFileReference; fileEncoding = 4; lastKnownFileType = sourcecode.swift; path = CollectionCell.swift; sourceTree = "<group>"; };
		61A21EE11E28A5EA00F628F8 /* CollectionCell.xib */ = {isa = PBXFileReference; fileEncoding = 4; lastKnownFileType = file.xib; path = CollectionCell.xib; sourceTree = "<group>"; };
		61A21EE51E28AA0400F628F8 /* BaseCollectionCell.swift */ = {isa = PBXFileReference; fileEncoding = 4; lastKnownFileType = sourcecode.swift; path = BaseCollectionCell.swift; sourceTree = "<group>"; };
		61A21EE71E28AC3D00F628F8 /* LabelData.swift */ = {isa = PBXFileReference; fileEncoding = 4; lastKnownFileType = sourcecode.swift; path = LabelData.swift; sourceTree = "<group>"; };
/* End PBXFileReference section */

/* Begin PBXFrameworksBuildPhase section */
		61A21EC81E28A5B300F628F8 /* Frameworks */ = {
			isa = PBXFrameworksBuildPhase;
			buildActionMask = 2147483647;
			files = (
			);
			runOnlyForDeploymentPostprocessing = 0;
		};
/* End PBXFrameworksBuildPhase section */

/* Begin PBXGroup section */
		61A21EC21E28A5B300F628F8 = {
			isa = PBXGroup;
			children = (
				61A21ECD1E28A5B300F628F8 /* SizesingCell */,
				61A21ECC1E28A5B300F628F8 /* Products */,
			);
			sourceTree = "<group>";
		};
		61A21ECC1E28A5B300F628F8 /* Products */ = {
			isa = PBXGroup;
			children = (
				61A21ECB1E28A5B300F628F8 /* SizesingCell.app */,
			);
			name = Products;
			sourceTree = "<group>";
		};
		61A21ECD1E28A5B300F628F8 /* SizesingCell */ = {
			isa = PBXGroup;
			children = (
				61A21ECE1E28A5B300F628F8 /* AppDelegate.swift */,
				61A21ED01E28A5B300F628F8 /* ViewController.swift */,
				61A21ED21E28A5B300F628F8 /* Main.storyboard */,
				61A21ED51E28A5B300F628F8 /* Assets.xcassets */,
				61A21ED71E28A5B300F628F8 /* LaunchScreen.storyboard */,
				61A21EDA1E28A5B300F628F8 /* Info.plist */,
				61A21EE01E28A5EA00F628F8 /* CollectionCell.swift */,
				61A21EE11E28A5EA00F628F8 /* CollectionCell.xib */,
				61A21EE51E28AA0400F628F8 /* BaseCollectionCell.swift */,
				61A21EE71E28AC3D00F628F8 /* LabelData.swift */,
			);
			path = SizesingCell;
			sourceTree = "<group>";
		};
/* End PBXGroup section */

/* Begin PBXNativeTarget section */
		61A21ECA1E28A5B300F628F8 /* SizesingCell */ = {
			isa = PBXNativeTarget;
			buildConfigurationList = 61A21EDD1E28A5B300F628F8 /* Build configuration list for PBXNativeTarget "SizesingCell" */;
			buildPhases = (
				61A21EC71E28A5B300F628F8 /* Sources */,
				61A21EC81E28A5B300F628F8 /* Frameworks */,
				61A21EC91E28A5B300F628F8 /* Resources */,
			);
			buildRules = (
			);
			dependencies = (
			);
			name = SizesingCell;
			productName = SizesingCell;
			productReference = 61A21ECB1E28A5B300F628F8 /* SizesingCell.app */;
			productType = "com.apple.product-type.application";
		};
/* End PBXNativeTarget section */

/* Begin PBXProject section */
		61A21EC31E28A5B300F628F8 /* Project object */ = {
			isa = PBXProject;
			attributes = {
				LastSwiftUpdateCheck = 0820;
				LastUpgradeCheck = 0820;
				ORGANIZATIONNAME = "Albin CR";
				TargetAttributes = {
					61A21ECA1E28A5B300F628F8 = {
						CreatedOnToolsVersion = 8.2.1;
						DevelopmentTeam = 8AG3F685RU;
						ProvisioningStyle = Automatic;
					};
				};
			};
			buildConfigurationList = 61A21EC61E28A5B300F628F8 /* Build configuration list for PBXProject "SizesingCell" */;
			compatibilityVersion = "Xcode 3.2";
			developmentRegion = English;
			hasScannedForEncodings = 0;
			knownRegions = (
				en,
				Base,
			);
			mainGroup = 61A21EC21E28A5B300F628F8;
			productRefGroup = 61A21ECC1E28A5B300F628F8 /* Products */;
			projectDirPath = "";
			projectRoot = "";
			targets = (
				61A21ECA1E28A5B300F628F8 /* SizesingCell */,
			);
		};
/* End PBXProject section */

/* Begin PBXResourcesBuildPhase section */
		61A21EC91E28A5B300F628F8 /* Resources */ = {
			isa = PBXResourcesBuildPhase;
			buildActionMask = 2147483647;
			files = (
				61A21ED91E28A5B300F628F8 /* LaunchScreen.storyboard in Resources */,
				61A21ED61E28A5B300F628F8 /* Assets.xcassets in Resources */,
				61A21ED41E28A5B300F628F8 /* Main.storyboard in Resources */,
				61A21EE31E28A5EA00F628F8 /* CollectionCell.xib in Resources */,
			);
			runOnlyForDeploymentPostprocessing = 0;
		};
/* End PBXResourcesBuildPhase section */

/* Begin PBXSourcesBuildPhase section */
		61A21EC71E28A5B300F628F8 /* Sources */ = {
			isa = PBXSourcesBuildPhase;
			buildActionMask = 2147483647;
			files = (
				61A21ED11E28A5B300F628F8 /* ViewController.swift in Sources */,
				61A21ECF1E28A5B300F628F8 /* AppDelegate.swift in Sources */,
				61A21EE61E28AA0400F628F8 /* BaseCollectionCell.swift in Sources */,
				61A21EE81E28AC3D00F628F8 /* LabelData.swift in Sources */,
				61A21EE21E28A5EA00F628F8 /* CollectionCell.swift in Sources */,
			);
			runOnlyForDeploymentPostprocessing = 0;
		};
/* End PBXSourcesBuildPhase section */

/* Begin PBXVariantGroup section */
		61A21ED21E28A5B300F628F8 /* Main.storyboard */ = {
			isa = PBXVariantGroup;
			children = (
				61A21ED31E28A5B300F628F8 /* Base */,
			);
			name = Main.storyboard;
			sourceTree = "<group>";
		};
		61A21ED71E28A5B300F628F8 /* LaunchScreen.storyboard */ = {
			isa = PBXVariantGroup;
			children = (
				61A21ED81E28A5B300F628F8 /* Base */,
			);
			name = LaunchScreen.storyboard;
			sourceTree = "<group>";
		};
/* End PBXVariantGroup section */

/* Begin XCBuildConfiguration section */
		61A21EDB1E28A5B300F628F8 /* Debug */ = {
			isa = XCBuildConfiguration;
			buildSettings = {
				ALWAYS_SEARCH_USER_PATHS = NO;
				CLANG_ANALYZER_NONNULL = YES;
				CLANG_CXX_LANGUAGE_STANDARD = "gnu++0x";
				CLANG_CXX_LIBRARY = "libc++";
				CLANG_ENABLE_MODULES = YES;
				CLANG_ENABLE_OBJC_ARC = YES;
				CLANG_WARN_BOOL_CONVERSION = YES;
				CLANG_WARN_CONSTANT_CONVERSION = YES;
				CLANG_WARN_DIRECT_OBJC_ISA_USAGE = YES_ERROR;
				CLANG_WARN_DOCUMENTATION_COMMENTS = YES;
				CLANG_WARN_EMPTY_BODY = YES;
				CLANG_WARN_ENUM_CONVERSION = YES;
				CLANG_WARN_INFINITE_RECURSION = YES;
				CLANG_WARN_INT_CONVERSION = YES;
				CLANG_WARN_OBJC_ROOT_CLASS = YES_ERROR;
				CLANG_WARN_SUSPICIOUS_MOVE = YES;
				CLANG_WARN_UNREACHABLE_CODE = YES;
				CLANG_WARN__DUPLICATE_METHOD_MATCH = YES;
				CODE_SIGN_IDENTITY = "iPhone Developer";
				"CODE_SIGN_IDENTITY[sdk=iphoneos*]" = "iPhone Developer";
				COPY_PHASE_STRIP = NO;
				DEBUG_INFORMATION_FORMAT = dwarf;
				ENABLE_STRICT_OBJC_MSGSEND = YES;
				ENABLE_TESTABILITY = YES;
				GCC_C_LANGUAGE_STANDARD = gnu99;
				GCC_DYNAMIC_NO_PIC = NO;
				GCC_NO_COMMON_BLOCKS = YES;
				GCC_OPTIMIZATION_LEVEL = 0;
				GCC_PREPROCESSOR_DEFINITIONS = (
					"DEBUG=1",
					"$(inherited)",
				);
				GCC_WARN_64_TO_32_BIT_CONVERSION = YES;
				GCC_WARN_ABOUT_RETURN_TYPE = YES_ERROR;
				GCC_WARN_UNDECLARED_SELECTOR = YES;
				GCC_WARN_UNINITIALIZED_AUTOS = YES_AGGRESSIVE;
				GCC_WARN_UNUSED_FUNCTION = YES;
				GCC_WARN_UNUSED_VARIABLE = YES;
				IPHONEOS_DEPLOYMENT_TARGET = 10.2;
				MTL_ENABLE_DEBUG_INFO = YES;
				ONLY_ACTIVE_ARCH = YES;
				SDKROOT = iphoneos;
				SWIFT_ACTIVE_COMPILATION_CONDITIONS = DEBUG;
				SWIFT_OPTIMIZATION_LEVEL = "-Onone";
				TARGETED_DEVICE_FAMILY = "1,2";
			};
			name = Debug;
		};
		61A21EDC1E28A5B300F628F8 /* Release */ = {
			isa = XCBuildConfiguration;
			buildSettings = {
				ALWAYS_SEARCH_USER_PATHS = NO;
				CLANG_ANALYZER_NONNULL = YES;
				CLANG_CXX_LANGUAGE_STANDARD = "gnu++0x";
				CLANG_CXX_LIBRARY = "libc++";
				CLANG_ENABLE_MODULES = YES;
				CLANG_ENABLE_OBJC_ARC = YES;
				CLANG_WARN_BOOL_CONVERSION = YES;
				CLANG_WARN_CONSTANT_CONVERSION = YES;
				CLANG_WARN_DIRECT_OBJC_ISA_USAGE = YES_ERROR;
				CLANG_WARN_DOCUMENTATION_COMMENTS = YES;
				CLANG_WARN_EMPTY_BODY = YES;
				CLANG_WARN_ENUM_CONVERSION = YES;
				CLANG_WARN_INFINITE_RECURSION = YES;
				CLANG_WARN_INT_CONVERSION = YES;
				CLANG_WARN_OBJC_ROOT_CLASS = YES_ERROR;
				CLANG_WARN_SUSPICIOUS_MOVE = YES;
				CLANG_WARN_UNREACHABLE_CODE = YES;
				CLANG_WARN__DUPLICATE_METHOD_MATCH = YES;
				CODE_SIGN_IDENTITY = "iPhone Developer";
				"CODE_SIGN_IDENTITY[sdk=iphoneos*]" = "iPhone Developer";
				COPY_PHASE_STRIP = NO;
				DEBUG_INFORMATION_FORMAT = "dwarf-with-dsym";
				ENABLE_NS_ASSERTIONS = NO;
				ENABLE_STRICT_OBJC_MSGSEND = YES;
				GCC_C_LANGUAGE_STANDARD = gnu99;
				GCC_NO_COMMON_BLOCKS = YES;
				GCC_WARN_64_TO_32_BIT_CONVERSION = YES;
				GCC_WARN_ABOUT_RETURN_TYPE = YES_ERROR;
				GCC_WARN_UNDECLARED_SELECTOR = YES;
				GCC_WARN_UNINITIALIZED_AUTOS = YES_AGGRESSIVE;
				GCC_WARN_UNUSED_FUNCTION = YES;
				GCC_WARN_UNUSED_VARIABLE = YES;
				IPHONEOS_DEPLOYMENT_TARGET = 10.2;
				MTL_ENABLE_DEBUG_INFO = NO;
				SDKROOT = iphoneos;
				SWIFT_OPTIMIZATION_LEVEL = "-Owholemodule";
				TARGETED_DEVICE_FAMILY = "1,2";
				VALIDATE_PRODUCT = YES;
			};
			name = Release;
		};
		61A21EDE1E28A5B300F628F8 /* Debug */ = {
			isa = XCBuildConfiguration;
			buildSettings = {
				ASSETCATALOG_COMPILER_APPICON_NAME = AppIcon;
				DEVELOPMENT_TEAM = 8AG3F685RU;
				INFOPLIST_FILE = SizesingCell/Info.plist;
				LD_RUNPATH_SEARCH_PATHS = "$(inherited) @executable_path/Frameworks";
				PRODUCT_BUNDLE_IDENTIFIER = creation.SizesingCell;
				PRODUCT_NAME = "$(TARGET_NAME)";
				SWIFT_VERSION = 3.0;
			};
			name = Debug;
		};
		61A21EDF1E28A5B300F628F8 /* Release */ = {
			isa = XCBuildConfiguration;
			buildSettings = {
				ASSETCATALOG_COMPILER_APPICON_NAME = AppIcon;
				DEVELOPMENT_TEAM = 8AG3F685RU;
				INFOPLIST_FILE = SizesingCell/Info.plist;
				LD_RUNPATH_SEARCH_PATHS = "$(inherited) @executable_path/Frameworks";
				PRODUCT_BUNDLE_IDENTIFIER = creation.SizesingCell;
				PRODUCT_NAME = "$(TARGET_NAME)";
				SWIFT_VERSION = 3.0;
			};
			name = Release;
		};
/* End XCBuildConfiguration section */

/* Begin XCConfigurationList section */
		61A21EC61E28A5B300F628F8 /* Build configuration list for PBXProject "SizesingCell" */ = {
			isa = XCConfigurationList;
			buildConfigurations = (
				61A21EDB1E28A5B300F628F8 /* Debug */,
				61A21EDC1E28A5B300F628F8 /* Release */,
			);
			defaultConfigurationIsVisible = 0;
			defaultConfigurationName = Release;
		};
		61A21EDD1E28A5B300F628F8 /* Build configuration list for PBXNativeTarget "SizesingCell" */ = {
			isa = XCConfigurationList;
			buildConfigurations = (
				61A21EDE1E28A5B300F628F8 /* Debug */,
				61A21EDF1E28A5B300F628F8 /* Release */,
			);
			defaultConfigurationIsVisible = 0;
		};
/* End XCConfigurationList section */
	};
	rootObject = 61A21EC31E28A5B300F628F8 /* Project object */;
}
